
Microsoft Visual Studio Solution File, Format Version 12.00
# Visual Studio 15
VisualStudioVersion = 15.0.28307.106
MinimumVisualStudioVersion = 10.0.40219.1
Project("{2150E333-8FDC-42A3-9474-1A3956D46DE8}") = "UI", "UI", "{A7D4064D-9DE4-493B-A3E2-D07790B82870}"
EndProject
Project("{FAE04EC0-301F-11D3-BF4B-00C04F79EFBC}") = "AspNetCoreWeb.UI", "AspNetCoreWeb.UI\AspNetCoreWeb.UI.csproj", "{5B5384F8-228C-4EDC-AFB3-FE1301D54EDC}"
EndProject
Project("{2150E333-8FDC-42A3-9474-1A3956D46DE8}") = "AspNet.Core", "AspNet.Core", "{6848D498-AA62-47D6-83CA-F381A5227023}"
EndProject
Project("{FAE04EC0-301F-11D3-BF4B-00C04F79EFBC}") = "AspNet.Dtos", "AspNetCore.Dtos\AspNet.Dtos.csproj", "{F227B7EC-0781-4C02-8CF6-DED287F03B80}"
EndProject
Project("{FAE04EC0-301F-11D3-BF4B-00C04F79EFBC}") = "AspNet.Entitys", "AspNetCore.Entitys\AspNet.Entitys.csproj", "{C38468C5-7B55-4E0D-9CE1-C46D5B6E82F5}"
EndProject
Project("{FAE04EC0-301F-11D3-BF4B-00C04F79EFBC}") = "AspNet.ViewModel", "AspNetCore.ViewModel\AspNet.ViewModel.csproj", "{A837F9D7-10F1-4E4E-B583-701E6092612C}"
EndProject
Project("{2150E333-8FDC-42A3-9474-1A3956D46DE8}") = "Services", "Services", "{183FA5A0-650F-481A-A889-02574DFD99EA}"
EndProject
Project("{FAE04EC0-301F-11D3-BF4B-00C04F79EFBC}") = "AspNetCore.Services", "AspNetCore.Services\AspNetCore.Services.csproj", "{79B98F1C-8355-4C8E-9D47-D521DEF56E85}"
EndProject
Project("{FAE04EC0-301F-11D3-BF4B-00C04F79EFBC}") = "AspNet.Repository", "AspNet.Repository\AspNet.Repository.csproj", "{80C68985-116F-4E7B-89A0-A7B7C7224BC1}"
EndProject
Project("{FAE04EC0-301F-11D3-BF4B-00C04F79EFBC}") = "AspNet.Api", "AspNet.Api\AspNet.Api.csproj", "{652957D3-8F2D-4110-8716-CA46C3A1485B}"
EndProject
Global
	GlobalSection(SolutionConfigurationPlatforms) = preSolution
		Debug|Any CPU = Debug|Any CPU
		Release|Any CPU = Release|Any CPU
	EndGlobalSection
	GlobalSection(ProjectConfigurationPlatforms) = postSolution
		{5B5384F8-228C-4EDC-AFB3-FE1301D54EDC}.Debug|Any CPU.ActiveCfg = Debug|Any CPU
		{5B5384F8-228C-4EDC-AFB3-FE1301D54EDC}.Debug|Any CPU.Build.0 = Debug|Any CPU
		{5B5384F8-228C-4EDC-AFB3-FE1301D54EDC}.Release|Any CPU.ActiveCfg = Release|Any CPU
		{5B5384F8-228C-4EDC-AFB3-FE1301D54EDC}.Release|Any CPU.Build.0 = Release|Any CPU
		{F227B7EC-0781-4C02-8CF6-DED287F03B80}.Debug|Any CPU.ActiveCfg = Debug|Any CPU
		{F227B7EC-0781-4C02-8CF6-DED287F03B80}.Debug|Any CPU.Build.0 = Debug|Any CPU
		{F227B7EC-0781-4C02-8CF6-DED287F03B80}.Release|Any CPU.ActiveCfg = Release|Any CPU
		{F227B7EC-0781-4C02-8CF6-DED287F03B80}.Release|Any CPU.Build.0 = Release|Any CPU
		{C38468C5-7B55-4E0D-9CE1-C46D5B6E82F5}.Debug|Any CPU.ActiveCfg = Debug|Any CPU
		{C38468C5-7B55-4E0D-9CE1-C46D5B6E82F5}.Debug|Any CPU.Build.0 = Debug|Any CPU
		{C38468C5-7B55-4E0D-9CE1-C46D5B6E82F5}.Release|Any CPU.ActiveCfg = Release|Any CPU
		{C38468C5-7B55-4E0D-9CE1-C46D5B6E82F5}.Release|Any CPU.Build.0 = Release|Any CPU
		{A837F9D7-10F1-4E4E-B583-701E6092612C}.Debug|Any CPU.ActiveCfg = Debug|Any CPU
		{A837F9D7-10F1-4E4E-B583-701E6092612C}.Debug|Any CPU.Build.0 = Debug|Any CPU
		{A837F9D7-10F1-4E4E-B583-701E6092612C}.Release|Any CPU.ActiveCfg = Release|Any CPU
		{A837F9D7-10F1-4E4E-B583-701E6092612C}.Release|Any CPU.Build.0 = Release|Any CPU
		{79B98F1C-8355-4C8E-9D47-D521DEF56E85}.Debug|Any CPU.ActiveCfg = Debug|Any CPU
		{79B98F1C-8355-4C8E-9D47-D521DEF56E85}.Debug|Any CPU.Build.0 = Debug|Any CPU
		{79B98F1C-8355-4C8E-9D47-D521DEF56E85}.Release|Any CPU.ActiveCfg = Release|Any CPU
		{79B98F1C-8355-4C8E-9D47-D521DEF56E85}.Release|Any CPU.Build.0 = Release|Any CPU
		{80C68985-116F-4E7B-89A0-A7B7C7224BC1}.Debug|Any CPU.ActiveCfg = Debug|Any CPU
		{80C68985-116F-4E7B-89A0-A7B7C7224BC1}.Debug|Any CPU.Build.0 = Debug|Any CPU
		{80C68985-116F-4E7B-89A0-A7B7C7224BC1}.Release|Any CPU.ActiveCfg = Release|Any CPU
		{80C68985-116F-4E7B-89A0-A7B7C7224BC1}.Release|Any CPU.Build.0 = Release|Any CPU
		{652957D3-8F2D-4110-8716-CA46C3A1485B}.Debug|Any CPU.ActiveCfg = Debug|Any CPU
		{652957D3-8F2D-4110-8716-CA46C3A1485B}.Debug|Any CPU.Build.0 = Debug|Any CPU
		{652957D3-8F2D-4110-8716-CA46C3A1485B}.Release|Any CPU.ActiveCfg = Release|Any CPU
		{652957D3-8F2D-4110-8716-CA46C3A1485B}.Release|Any CPU.Build.0 = Release|Any CPU
	EndGlobalSection
	GlobalSection(SolutionProperties) = preSolution
		HideSolutionNode = FALSE
	EndGlobalSection
	GlobalSection(NestedProjects) = preSolution
		{5B5384F8-228C-4EDC-AFB3-FE1301D54EDC} = {A7D4064D-9DE4-493B-A3E2-D07790B82870}
		{F227B7EC-0781-4C02-8CF6-DED287F03B80} = {6848D498-AA62-47D6-83CA-F381A5227023}
		{C38468C5-7B55-4E0D-9CE1-C46D5B6E82F5} = {6848D498-AA62-47D6-83CA-F381A5227023}
		{A837F9D7-10F1-4E4E-B583-701E6092612C} = {6848D498-AA62-47D6-83CA-F381A5227023}
		{79B98F1C-8355-4C8E-9D47-D521DEF56E85} = {183FA5A0-650F-481A-A889-02574DFD99EA}
		{80C68985-116F-4E7B-89A0-A7B7C7224BC1} = {6848D498-AA62-47D6-83CA-F381A5227023}
		{652957D3-8F2D-4110-8716-CA46C3A1485B} = {6848D498-AA62-47D6-83CA-F381A5227023}
	EndGlobalSection
	GlobalSection(ExtensibilityGlobals) = postSolution
		SolutionGuid = {37766565-907A-4B1E-B228-3F7EACA4190D}
	EndGlobalSection
EndGlobal
